
Microsoft Visual Studio Solution File, Format Version 12.00
# Visual Studio Version 16
VisualStudioVersion = 16.0.31624.102
MinimumVisualStudioVersion = 10.0.40219.1
Project("{FAE04EC0-301F-11D3-BF4B-00C04F79EFBC}") = "SignalRPrimeraAPP", "SignalRPrimeraAPP\SignalRPrimeraAPP.csproj", "{DB761E20-A0A0-48DE-A53A-A8C84225142B}"
EndProject
Global
	GlobalSection(SolutionConfigurationPlatforms) = preSolution
		Debug|Any CPU = Debug|Any CPU
		Release|Any CPU = Release|Any CPU
	EndGlobalSection
	GlobalSection(ProjectConfigurationPlatforms) = postSolution
		{DB761E20-A0A0-48DE-A53A-A8C84225142B}.Debug|Any CPU.ActiveCfg = Debug|Any CPU
		{DB761E20-A0A0-48DE-A53A-A8C84225142B}.Debug|Any CPU.Build.0 = Debug|Any CPU
		{DB761E20-A0A0-48DE-A53A-A8C84225142B}.Release|Any CPU.ActiveCfg = Release|Any CPU
		{DB761E20-A0A0-48DE-A53A-A8C84225142B}.Release|Any CPU.Build.0 = Release|Any CPU
	EndGlobalSection
	GlobalSection(SolutionProperties) = preSolution
		HideSolutionNode = FALSE
	EndGlobalSection
	GlobalSection(ExtensibilityGlobals) = postSolution
		SolutionGuid = {BE3EFBD9-161F-4B83-9C0F-2F7BA8F8BDE6}
	EndGlobalSection
EndGlobal
